{
  "name": "nutfes-Bingo",
  "lockfileVersion": 2,
  "requires": true,
  "packages": {
    "": {
      "dependencies": {
        "framer-motion": "^11.3.28"
      }
    },
    "node_modules/framer-motion": {
      "version": "11.3.28",
      "resolved": "https://registry.npmjs.org/framer-motion/-/framer-motion-11.3.28.tgz",
      "integrity": "sha512-dqhoawipEAjqdv32zbv72sOMJZjol7dROWn7t/FOq23WXJ40O4OUybgnO2ldnuS+3YquSn8xO/KKRavZ+TBVOQ==",
      "dependencies": {
        "tslib": "^2.4.0"
      },
      "peerDependencies": {
        "@emotion/is-prop-valid": "*",
        "react": "^18.0.0",
        "react-dom": "^18.0.0"
      },
      "peerDependenciesMeta": {
        "@emotion/is-prop-valid": {
          "optional": true
        },
        "react": {
          "optional": true
        },
        "react-dom": {
          "optional": true
        }
      }
    },
    "node_modules/tslib": {
      "version": "2.6.3",
      "resolved": "https://registry.npmjs.org/tslib/-/tslib-2.6.3.tgz",
      "integrity": "sha512-xNvxJEOUiWPGhUuUdQgAJPKOOJfGnIyKySOc09XkKsgdUV/3E2zvwZYdejjmRgPCgcym1juLH3226yA7sEFJKQ=="
    }
  },
  "dependencies": {
    "framer-motion": {
      "version": "11.3.28",
      "resolved": "https://registry.npmjs.org/framer-motion/-/framer-motion-11.3.28.tgz",
      "integrity": "sha512-dqhoawipEAjqdv32zbv72sOMJZjol7dROWn7t/FOq23WXJ40O4OUybgnO2ldnuS+3YquSn8xO/KKRavZ+TBVOQ==",
      "requires": {
        "tslib": "^2.4.0"
      }
    },
    "tslib": {
      "version": "2.6.3",
      "resolved": "https://registry.npmjs.org/tslib/-/tslib-2.6.3.tgz",
      "integrity": "sha512-xNvxJEOUiWPGhUuUdQgAJPKOOJfGnIyKySOc09XkKsgdUV/3E2zvwZYdejjmRgPCgcym1juLH3226yA7sEFJKQ=="
    }
  }
}
